github.com/kercylan98/vivid v0.0.0-20250714042410-09ce9f90ef77 h1:OTM8dGd8/hTGkhcHzTmJx6B3JjsUucTvrQEcpzzTKWw=
github.com/kercylan98/vivid v0.0.0-20250714042410-09ce9f90ef77/go.mod h1:JrUpsK2XFq+cFAsTMop5oNvVfMUNgsv3qUtw8QmfsfA=
github.com/kercylan98/vivid v0.0.1 h1:/Iu2EUcal2hjX0M9eOgTXPvCfq1/BLyLjB5DFnCbPTU=
github.com/kercylan98/vivid v0.0.1/go.mod h1:Q/Shw/94O9p4tMPEhxgJ0TEJWzuTLLrozl5fsNoSOcQ=
